<?xml version="1.0" encoding="utf-8"?>
<Project ToolsVersion="4.0" xmlns="http://schemas.microsoft.com/developer/msbuild/2003">
  <ItemGroup>
    <Filter Include="Source Files">
      <UniqueIdentifier>{4FC737F1-C7A5-4376-A066-2A32D752A2FF}</UniqueIdentifier>
      <Extensions>cpp;c;cc;cxx;def;odl;idl;hpj;bat;asm;asmx</Extensions>
    </Filter>
    <Filter Include="Header Files">
      <UniqueIdentifier>{93995380-89BD-4b04-88EB-625FBE52EBFB}</UniqueIdentifier>
      <Extensions>h;hh;hpp;hxx;hm;inl;inc;xsd</Extensions>
    </Filter>
    <Filter Include="Resource Files">
      <UniqueIdentifier>{67DA6AB6-F800-4c08-8B7A-83BB121AAD01}</UniqueIdentifier>
      <Extensions>rc;ico;cur;bmp;dlg;rc2;rct;bin;rgs;gif;jpg;jpeg;jpe;resx;tiff;tif;png;wav;mfcribbon-ms</Extensions>
    </Filter>
    <Filter Include="Header Files\Objects">
      <UniqueIdentifier>{05b7016c-798a-47c8-909e-74921476a86d}</UniqueIdentifier>
    </Filter>
    <Filter Include="Source Files\Objects">
      <UniqueIdentifier>{dac65166-b65d-4c69-893c-b460d7c7ffde}</UniqueIdentifier>
    </Filter>
  </ItemGroup>
  <ItemGroup>
    <Text Include="ReadMe.txt" />
  </ItemGroup>
  <ItemGroup>
    <ClInclude Include="stdafx.h">
      <Filter>Header Files</Filter>
    </ClInclude>
    <ClInclude Include="targetver.h">
      <Filter>Header Files</Filter>
    </ClInclude>
    <ClInclude Include="Router.hpp">
      <Filter>Header Files</Filter>
    </ClInclude>
    <ClInclude Include="Component.hpp">
      <Filter>Header Files</Filter>
    </ClInclude>
    <ClInclude Include="ComponentFactory.hpp">
      <Filter>Header Files</Filter>
    </ClInclude>
    <ClInclude Include="DoorModule.hpp">
      <Filter>Header Files</Filter>
    </ClInclude>
    <ClInclude Include="OAMConfigurator.hpp">
      <Filter>Header Files</Filter>
    </ClInclude>
    <ClInclude Include="LightModule.h">
      <Filter>Header Files</Filter>
    </ClInclude>
    <ClInclude Include="Objects\CP.hpp">
      <Filter>Header Files\Objects</Filter>
    </ClInclude>
    <ClInclude Include="Objects\DOOR.hpp">
      <Filter>Header Files\Objects</Filter>
    </ClInclude>
    <ClInclude Include="Objects\Obj.hpp">
      <Filter>Header Files\Objects</Filter>
    </ClInclude>
    <ClInclude Include="Objects\LIGHT.hpp">
      <Filter>Header Files\Objects</Filter>
    </ClInclude>
    <ClInclude Include="DOORS.hpp">
      <Filter>Header Files\Objects</Filter>
    </ClInclude>
    <ClInclude Include="LIGHTES.hpp">
      <Filter>Header Files\Objects</Filter>
    </ClInclude>
    <ClInclude Include="Objects\WINDOW.hpp">
      <Filter>Header Files\Objects</Filter>
    </ClInclude>
    <ClInclude Include="BDM.hpp">
      <Filter>Header Files\Objects</Filter>
    </ClInclude>
    <ClInclude Include="WCM.hpp">
      <Filter>Header Files\Objects</Filter>
    </ClInclude>
    <ClInclude Include="REMOTE_CONTROLLER.hpp">
      <Filter>Header Files\Objects</Filter>
    </ClInclude>
    <ClInclude Include="CARD_PORT.hpp">
      <Filter>Header Files\Objects</Filter>
    </ClInclude>
    <ClInclude Include="UCM.hpp">
      <Filter>Header Files</Filter>
    </ClInclude>
    <ClInclude Include="SCF.hpp">
      <Filter>Header Files\Objects</Filter>
    </ClInclude>
    <ClInclude Include="EDM.hpp">
      <Filter>Header Files</Filter>
    </ClInclude>
    <ClInclude Include="BUTTON.hpp">
      <Filter>Header Files\Objects</Filter>
    </ClInclude>
    <ClInclude Include="INTER_MODULE_OPERATION.h">
      <Filter>Header Files\Objects</Filter>
    </ClInclude>
    <ClInclude Include="PEDAL.h">
      <Filter>Header Files\Objects</Filter>
    </ClInclude>
    <ClInclude Include="EngineCommunicationService.hpp">
      <Filter>Header Files</Filter>
    </ClInclude>
    <ClInclude Include="ALARM.hpp">
      <Filter>Header Files\Objects</Filter>
    </ClInclude>
    <ClInclude Include="StartStopEngineButtonAgent.hpp">
      <Filter>Header Files</Filter>
    </ClInclude>
    <ClInclude Include="StartStopEngineProcedure.hpp">
      <Filter>Header Files</Filter>
    </ClInclude>
    <ClInclude Include="RpmMonitor.hpp">
      <Filter>Header Files</Filter>
    </ClInclude>
    <ClInclude Include="UserManager.hpp">
      <Filter>Header Files</Filter>
    </ClInclude>
    <ClInclude Include="UIA.hpp">
      <Filter>Header Files</Filter>
    </ClInclude>
    <ClInclude Include="MirrorModule.hpp">
      <Filter>Header Files</Filter>
    </ClInclude>
    <ClInclude Include="MIRROR.hpp">
      <Filter>Header Files\Objects</Filter>
    </ClInclude>
    <ClInclude Include="ENGINE.hpp">
      <Filter>Header Files\Objects</Filter>
    </ClInclude>
    <ClInclude Include="MIRRORS.hpp">
      <Filter>Header Files\Objects</Filter>
    </ClInclude>
    <ClInclude Include="RESULT.hpp">
      <Filter>Header Files\Objects</Filter>
    </ClInclude>
    <ClInclude Include="USER.hpp">
      <Filter>Header Files\Objects</Filter>
    </ClInclude>
    <ClInclude Include="SWITCH_TOPOLOGY.hpp">
      <Filter>Header Files\Objects</Filter>
    </ClInclude>
    <ClInclude Include="CONNECTOR.hpp">
      <Filter>Header Files</Filter>
    </ClInclude>
    <ClInclude Include="MODULE.hpp">
      <Filter>Header Files\Objects</Filter>
    </ClInclude>
    <ClInclude Include="EQM.hpp">
      <Filter>Header Files\Objects</Filter>
    </ClInclude>
    <ClInclude Include="PORT.hpp">
      <Filter>Header Files\Objects</Filter>
    </ClInclude>
    <ClInclude Include="TIMER.hpp">
      <Filter>Header Files</Filter>
    </ClInclude>
    <ClInclude Include="HWPlannerService.hpp">
      <Filter>Header Files</Filter>
    </ClInclude>
    <ClInclude Include="MMF.hpp">
      <Filter>Header Files</Filter>
    </ClInclude>
    <ClInclude Include="TASK.hpp">
      <Filter>Header Files</Filter>
    </ClInclude>
  </ItemGroup>
  <ItemGroup>
    <ClCompile Include="stdafx.cpp">
      <Filter>Source Files</Filter>
    </ClCompile>
    <ClCompile Include="OSCAR.cpp">
      <Filter>Source Files</Filter>
    </ClCompile>
    <ClCompile Include="Router.cpp">
      <Filter>Source Files</Filter>
    </ClCompile>
    <ClCompile Include="Component.cpp">
      <Filter>Source Files</Filter>
    </ClCompile>
    <ClCompile Include="ComponentFactory.cpp">
      <Filter>Source Files</Filter>
    </ClCompile>
    <ClCompile Include="DoorModule.cpp">
      <Filter>Source Files</Filter>
    </ClCompile>
    <ClCompile Include="OAMConfigurator.cpp">
      <Filter>Source Files</Filter>
    </ClCompile>
    <ClCompile Include="LightModule.cpp">
      <Filter>Source Files</Filter>
    </ClCompile>
    <ClCompile Include="Objects\CP.cpp">
      <Filter>Source Files\Objects</Filter>
    </ClCompile>
    <ClCompile Include="Objects\DOOR.cpp">
      <Filter>Source Files\Objects</Filter>
    </ClCompile>
    <ClCompile Include="Objects\Obj.cpp">
      <Filter>Source Files\Objects</Filter>
    </ClCompile>
    <ClCompile Include="Objects\LIGHT.cpp">
      <Filter>Source Files\Objects</Filter>
    </ClCompile>
    <ClCompile Include="DOORS.cpp">
      <Filter>Source Files\Objects</Filter>
    </ClCompile>
    <ClCompile Include="LIGHTES.cpp">
      <Filter>Source Files\Objects</Filter>
    </ClCompile>
    <ClCompile Include="BDM.cpp">
      <Filter>Source Files\Objects</Filter>
    </ClCompile>
    <ClCompile Include="Objects\WINDOW.cpp">
      <Filter>Source Files\Objects</Filter>
    </ClCompile>
    <ClCompile Include="WCM.cpp">
      <Filter>Source Files\Objects</Filter>
    </ClCompile>
    <ClCompile Include="REMOTE_CONTROLLER.cpp">
      <Filter>Source Files\Objects</Filter>
    </ClCompile>
    <ClCompile Include="CARD_PORT.cpp">
      <Filter>Source Files\Objects</Filter>
    </ClCompile>
    <ClCompile Include="UCM.cpp">
      <Filter>Source Files</Filter>
    </ClCompile>
    <ClCompile Include="SCF.cpp">
      <Filter>Source Files\Objects</Filter>
    </ClCompile>
    <ClCompile Include="EDM.cpp">
      <Filter>Source Files</Filter>
    </ClCompile>
    <ClCompile Include="INTER_MODULE_OPERATION.cpp">
      <Filter>Source Files\Objects</Filter>
    </ClCompile>
    <ClCompile Include="SWITCH_TOPOLOGY.cpp">
      <Filter>Source Files\Objects</Filter>
    </ClCompile>
    <ClCompile Include="PEDAL.cpp">
      <Filter>Source Files\Objects</Filter>
    </ClCompile>
    <ClCompile Include="BUTTON.cpp">
      <Filter>Source Files\Objects</Filter>
    </ClCompile>
    <ClCompile Include="ENGINE.cpp">
      <Filter>Source Files</Filter>
    </ClCompile>
    <ClCompile Include="EngineCommunicationService.cpp">
      <Filter>Source Files</Filter>
    </ClCompile>
    <ClCompile Include="ALARM.cpp">
      <Filter>Source Files\Objects</Filter>
    </ClCompile>
    <ClCompile Include="RESULT.cpp">
      <Filter>Source Files</Filter>
    </ClCompile>
    <ClCompile Include="StartStopEngineButtonAgent.cpp">
      <Filter>Source Files</Filter>
    </ClCompile>
    <ClCompile Include="StartStopEngineProcedure.cpp">
      <Filter>Source Files</Filter>
    </ClCompile>
    <ClCompile Include="RpmMonitor.cpp">
      <Filter>Source Files</Filter>
    </ClCompile>
    <ClCompile Include="USER.cpp">
      <Filter>Source Files</Filter>
    </ClCompile>
    <ClCompile Include="UserManager.cpp">
      <Filter>Source Files</Filter>
    </ClCompile>
    <ClCompile Include="UIA.cpp">
      <Filter>Source Files</Filter>
    </ClCompile>
    <ClCompile Include="MirrorModule.cpp">
      <Filter>Source Files</Filter>
    </ClCompile>
    <ClCompile Include="MIRROR.cpp">
      <Filter>Source Files</Filter>
    </ClCompile>
    <ClCompile Include="MIRRORS.cpp">
      <Filter>Source Files</Filter>
    </ClCompile>
    <ClCompile Include="EQM.cpp">
      <Filter>Source Files</Filter>
    </ClCompile>
    <ClCompile Include="MODULE.cpp">
      <Filter>Source Files</Filter>
    </ClCompile>
    <ClCompile Include="PORT.cpp">
      <Filter>Source Files</Filter>
    </ClCompile>
    <ClCompile Include="CONNECTOR.cpp">
      <Filter>Source Files</Filter>
    </ClCompile>
    <ClCompile Include="TIMER.cpp">
      <Filter>Source Files</Filter>
    </ClCompile>
    <ClCompile Include="HWPlannerService.cpp">
      <Filter>Source Files</Filter>
    </ClCompile>
    <ClCompile Include="MMF.cpp">
      <Filter>Source Files</Filter>
    </ClCompile>
    <ClCompile Include="TASK.cpp">
      <Filter>Source Files</Filter>
    </ClCompile>
  </ItemGroup>
</Project>